
Microsoft Visual Studio Solution File, Format Version 12.00
# Visual Studio Version 17
VisualStudioVersion = 17.8.34322.80
MinimumVisualStudioVersion = 10.0.40219.1
Project("{FAE04EC0-301F-11D3-BF4B-00C04F79EFBC}") = "SuperHeroAPI", "SuperHeroAPI\SuperHeroAPI.csproj", "{826ACEB5-A888-4943-B3BC-FD9D3C909D3C}"
EndProject
Global
	GlobalSection(SolutionConfigurationPlatforms) = preSolution
		Debug|Any CPU = Debug|Any CPU
		Release|Any CPU = Release|Any CPU
	EndGlobalSection
	GlobalSection(ProjectConfigurationPlatforms) = postSolution
		{826ACEB5-A888-4943-B3BC-FD9D3C909D3C}.Debug|Any CPU.ActiveCfg = Debug|Any CPU
		{826ACEB5-A888-4943-B3BC-FD9D3C909D3C}.Debug|Any CPU.Build.0 = Debug|Any CPU
		{826ACEB5-A888-4943-B3BC-FD9D3C909D3C}.Release|Any CPU.ActiveCfg = Release|Any CPU
		{826ACEB5-A888-4943-B3BC-FD9D3C909D3C}.Release|Any CPU.Build.0 = Release|Any CPU
	EndGlobalSection
	GlobalSection(SolutionProperties) = preSolution
		HideSolutionNode = FALSE
	EndGlobalSection
	GlobalSection(ExtensibilityGlobals) = postSolution
		SolutionGuid = {6BC81082-58F3-4859-9958-8D1E8FEA139C}
	EndGlobalSection
EndGlobal
